
Microsoft Visual Studio Solution File, Format Version 12.00
# Visual Studio Version 16
VisualStudioVersion = 16.0.31019.35
MinimumVisualStudioVersion = 10.0.40219.1
Project("{FAE04EC0-301F-11D3-BF4B-00C04F79EFBC}") = "WebApplication1", "WebApplication1\WebApplication1.csproj", "{B6261979-64C9-4E33-8503-7E29B66264BA}"
EndProject
Global
	GlobalSection(SolutionConfigurationPlatforms) = preSolution
		Debug|Any CPU = Debug|Any CPU
		Release|Any CPU = Release|Any CPU
	EndGlobalSection
	GlobalSection(ProjectConfigurationPlatforms) = postSolution
		{B6261979-64C9-4E33-8503-7E29B66264BA}.Debug|Any CPU.ActiveCfg = Debug|Any CPU
		{B6261979-64C9-4E33-8503-7E29B66264BA}.Debug|Any CPU.Build.0 = Debug|Any CPU
		{B6261979-64C9-4E33-8503-7E29B66264BA}.Release|Any CPU.ActiveCfg = Release|Any CPU
		{B6261979-64C9-4E33-8503-7E29B66264BA}.Release|Any CPU.Build.0 = Release|Any CPU
	EndGlobalSection
	GlobalSection(SolutionProperties) = preSolution
		HideSolutionNode = FALSE
	EndGlobalSection
	GlobalSection(ExtensibilityGlobals) = postSolution
		SolutionGuid = {C484465B-F3DC-4AF2-B70A-38B44947B7DA}
	EndGlobalSection
EndGlobal
